
Microsoft Visual Studio Solution File, Format Version 12.00
# Visual Studio Version 17
VisualStudioVersion = 17.4.33213.308
MinimumVisualStudioVersion = 10.0.40219.1
Project("{FAE04EC0-301F-11D3-BF4B-00C04F79EFBC}") = "NZWalks.API", "NZWalks.API\NZWalks.API.csproj", "{9577C5DD-56BB-4927-AF4F-3DCAD87CA9E1}"
EndProject
Global
	GlobalSection(SolutionConfigurationPlatforms) = preSolution
		Debug|Any CPU = Debug|Any CPU
		Release|Any CPU = Release|Any CPU
	EndGlobalSection
	GlobalSection(ProjectConfigurationPlatforms) = postSolution
		{9577C5DD-56BB-4927-AF4F-3DCAD87CA9E1}.Debug|Any CPU.ActiveCfg = Debug|Any CPU
		{9577C5DD-56BB-4927-AF4F-3DCAD87CA9E1}.Debug|Any CPU.Build.0 = Debug|Any CPU
		{9577C5DD-56BB-4927-AF4F-3DCAD87CA9E1}.Release|Any CPU.ActiveCfg = Release|Any CPU
		{9577C5DD-56BB-4927-AF4F-3DCAD87CA9E1}.Release|Any CPU.Build.0 = Release|Any CPU
	EndGlobalSection
	GlobalSection(SolutionProperties) = preSolution
		HideSolutionNode = FALSE
	EndGlobalSection
	GlobalSection(ExtensibilityGlobals) = postSolution
		SolutionGuid = {B1EFA934-1B20-48DD-B086-060B08D39B4E}
	EndGlobalSection
EndGlobal
